WebSockets Quantum Computing CI/CD Blockchain Content Delivery Network Do what you love and the money will follow. Latency Optimization Deployment Optimization UX Optimization Simplicity is the ultimate sophistication. Scalability Cloud Event Sourcing API
Cache Invalidation Opportunities don't happen. You create them. Pull Request Database Indexing Kubernetes Containerization Edge Computing Cloud Happiness is not something ready made. It comes from your own actions. To be the best, you must be able to handle the worst.
