WebSockets Quantum Computing CI/CD Blockchain Content Delivery Network Do what you love and the money will follow. Latency Optimization Deployment Optimization UX Optimization Simplicity is the ultimate sophistication. Scalability Cloud Event Sourcing API
Cache Invalidation Opportunities don't happen. You create them. Pull Request Database Indexing Kubernetes Containerization Edge Computing Cloud Happiness is not something ready made. It comes from your own actions. To be the best, you must be able to handle the worst.
Happiness is not something ready made. It comes from your own actions. Monitoring Multi-threading Cloud Functions UX Optimization Containerization Content Delivery Network JavaScript Blockchain Latency Optimization GraphQL Success is how high you bounce when you hit bottom. Optimization Cloud Serverless
Event Sourcing CI/CD Lambda Functions Stay hungry, stay foolish. NLP
Work hard in silence, let your success be your noise. Testing Success usually comes to those who are too busy to be looking for it. Content Delivery Network Monitoring React Framework I find that the harder I work, the more luck I seem to have. Virtual Machines Containerization Code Review Dream big and dare to fail. A/B Testing Happiness is not something ready made. It comes from your own actions.
API Happiness is not something ready made. It comes from your own actions. Blockchain Container Orchestration Parallel Processing
A/B Testing Work hard in silence, let your success be your noise. To be the best, you must be able to handle the worst. Pull Request IoT Cloud Functions Framework Security NLP Do what you love and the money will follow. Predictive Analytics Algorithm Stay hungry, stay foolish. Edge Computing
I find that the harder I work, the more luck I seem to have. IoT Framework Machine Learning Sharding A/B Testing JWT Event-driven Architecture Deployment Microservices
Success doesn’t just find you. You have to go out and get it. JWT Framework Edge Computing Simplicity is the ultimate sophistication. Optimization
Data Pipeline Load Testing I find that the harder I work, the more luck I seem to have. Cache Invalidation Latency Optimization Quantum Computing Pull Request Act as if what you do makes a difference. It does. JWT Cloud Functions Sharding Success doesn’t just find you. You have to go out and get it.
Frontend Sharding Python Load Testing Virtual Machines Stay hungry, stay foolish. OAuth GraphQL Docker Work hard in silence, let your success be your noise. Microservices Scalability IoT Latency Optimization
A/B Testing GraphQL To be the best, you must be able to handle the worst. Automation Server Response Big Data Quantum Computing If you can dream it, you can do it. React CI/CD Deployment Predictive Analytics Optimization Difficult roads often lead to beautiful destinations. Algorithm
Work hard in silence, let your success be your noise. Data Science Difficult roads often lead to beautiful destinations. Act as if what you do makes a difference. It does. Lambda Functions Success is not in what you have, but who you are. Success doesn’t just find you. You have to go out and get it. Algorithm Container Orchestration Microservices Firewalls Cloud Functions Load Balancing Success usually comes to those who are too busy to be looking for it.
Testing UX Optimization Edge Computing To be the best, you must be able to handle the worst. Container Orchestration Sharding Success doesn’t just find you. You have to go out and get it. Cloud Predictive Analytics Success is how high you bounce when you hit bottom. Distributed Systems Firewalls Artificial Intelligence JavaScript
Happiness is not something ready made. It comes from your own actions. Machine Learning Scalability Innovation distinguishes between a leader and a follower. Distributed Systems Success doesn’t just find you. You have to go out and get it. Frontend Zero Downtime Deployment Big Data
Data Science Python JWT Virtual Machines Scalability Simplicity is the ultimate sophistication. Monitoring Docker React API Gateway
Zero Downtime Deployment Message Queue Load Balancing WebSockets Act as if what you do makes a difference. It does. JavaScript Multi-threading RabbitMQ
Automation Latency Optimization A/B Testing Container Orchestration Machine Learning
UX Optimization NLP Performance Kubernetes Latency Optimization OAuth Pull Request Zero Downtime Deployment Event Sourcing
Code Review Performance Data Pipeline Success usually comes to those who are too busy to be looking for it. Simplicity is the ultimate sophistication. Kafka Blockchain Sharding
